
Microsoft Visual Studio Solution File, Format Version 12.00
# Visual Studio Version 16
VisualStudioVersion = 16.0.30907.101
MinimumVisualStudioVersion = 10.0.40219.1
Project("{FAE04EC0-301F-11D3-BF4B-00C04F79EFBC}") = "BatchGanjoorLinkApprover", "BatchGanjoorLinkApprover.csproj", "{A67B90F0-AD28-4D1F-AEBE-471D05C972F4}"
EndProject
Global
	GlobalSection(SolutionConfigurationPlatforms) = preSolution
		Debug|Any CPU = Debug|Any CPU
		Release|Any CPU = Release|Any CPU
	EndGlobalSection
	GlobalSection(ProjectConfigurationPlatforms) = postSolution
		{A67B90F0-AD28-4D1F-AEBE-471D05C972F4}.Debug|Any CPU.ActiveCfg = Debug|Any CPU
		{A67B90F0-AD28-4D1F-AEBE-471D05C972F4}.Debug|Any CPU.Build.0 = Debug|Any CPU
		{A67B90F0-AD28-4D1F-AEBE-471D05C972F4}.Release|Any CPU.ActiveCfg = Release|Any CPU
		{A67B90F0-AD28-4D1F-AEBE-471D05C972F4}.Release|Any CPU.Build.0 = Release|Any CPU
	EndGlobalSection
	GlobalSection(SolutionProperties) = preSolution
		HideSolutionNode = FALSE
	EndGlobalSection
	GlobalSection(ExtensibilityGlobals) = postSolution
		SolutionGuid = {DD65B77C-97D9-44B3-9931-725550EE64F5}
	EndGlobalSection
EndGlobal
